
Microsoft Visual Studio Solution File, Format Version 12.00
# Visual Studio 15
VisualStudioVersion = 15.0.26124.0
MinimumVisualStudioVersion = 15.0.26124.0
Project("{2150E333-8FDC-42A3-9474-1A3956D46DE8}") = "src", "src", "{36B13891-84BF-4489-A6BF-18621B0E91C4}"
EndProject
Project("{FAE04EC0-301F-11D3-BF4B-00C04F79EFBC}") = "OfficeOpenXml.Extensions", "src\OfficeOpenXml.Extensions\OfficeOpenXml.Extensions.csproj", "{3EB22FAE-55D2-48EB-B259-2992B555C553}"
EndProject
Project("{2150E333-8FDC-42A3-9474-1A3956D46DE8}") = "tests", "tests", "{EC7754FE-EE27-4FE1-8DEC-E89BBA59E616}"
EndProject
Project("{FAE04EC0-301F-11D3-BF4B-00C04F79EFBC}") = "OfficeOpenXml.Extensions.Tests", "tests\OfficeOpenXml.Extensions.Tests\OfficeOpenXml.Extensions.Tests.csproj", "{A6CDFA90-5B1C-4A54-84B6-3974F0927875}"
EndProject
Global
	GlobalSection(SolutionConfigurationPlatforms) = preSolution
		Debug|Any CPU = Debug|Any CPU
		Debug|x64 = Debug|x64
		Debug|x86 = Debug|x86
		Release|Any CPU = Release|Any CPU
		Release|x64 = Release|x64
		Release|x86 = Release|x86
	EndGlobalSection
	GlobalSection(SolutionProperties) = preSolution
		HideSolutionNode = FALSE
	EndGlobalSection
	GlobalSection(ProjectConfigurationPlatforms) = postSolution
		{3EB22FAE-55D2-48EB-B259-2992B555C553}.Debug|Any CPU.ActiveCfg = Debug|Any CPU
		{3EB22FAE-55D2-48EB-B259-2992B555C553}.Debug|Any CPU.Build.0 = Debug|Any CPU
		{3EB22FAE-55D2-48EB-B259-2992B555C553}.Debug|x64.ActiveCfg = Debug|Any CPU
		{3EB22FAE-55D2-48EB-B259-2992B555C553}.Debug|x64.Build.0 = Debug|Any CPU
		{3EB22FAE-55D2-48EB-B259-2992B555C553}.Debug|x86.ActiveCfg = Debug|Any CPU
		{3EB22FAE-55D2-48EB-B259-2992B555C553}.Debug|x86.Build.0 = Debug|Any CPU
		{3EB22FAE-55D2-48EB-B259-2992B555C553}.Release|Any CPU.ActiveCfg = Release|Any CPU
		{3EB22FAE-55D2-48EB-B259-2992B555C553}.Release|Any CPU.Build.0 = Release|Any CPU
		{3EB22FAE-55D2-48EB-B259-2992B555C553}.Release|x64.ActiveCfg = Release|Any CPU
		{3EB22FAE-55D2-48EB-B259-2992B555C553}.Release|x64.Build.0 = Release|Any CPU
		{3EB22FAE-55D2-48EB-B259-2992B555C553}.Release|x86.ActiveCfg = Release|Any CPU
		{3EB22FAE-55D2-48EB-B259-2992B555C553}.Release|x86.Build.0 = Release|Any CPU
		{A6CDFA90-5B1C-4A54-84B6-3974F0927875}.Debug|Any CPU.ActiveCfg = Debug|Any CPU
		{A6CDFA90-5B1C-4A54-84B6-3974F0927875}.Debug|Any CPU.Build.0 = Debug|Any CPU
		{A6CDFA90-5B1C-4A54-84B6-3974F0927875}.Debug|x64.ActiveCfg = Debug|Any CPU
		{A6CDFA90-5B1C-4A54-84B6-3974F0927875}.Debug|x64.Build.0 = Debug|Any CPU
		{A6CDFA90-5B1C-4A54-84B6-3974F0927875}.Debug|x86.ActiveCfg = Debug|Any CPU
		{A6CDFA90-5B1C-4A54-84B6-3974F0927875}.Debug|x86.Build.0 = Debug|Any CPU
		{A6CDFA90-5B1C-4A54-84B6-3974F0927875}.Release|Any CPU.ActiveCfg = Release|Any CPU
		{A6CDFA90-5B1C-4A54-84B6-3974F0927875}.Release|Any CPU.Build.0 = Release|Any CPU
		{A6CDFA90-5B1C-4A54-84B6-3974F0927875}.Release|x64.ActiveCfg = Release|Any CPU
		{A6CDFA90-5B1C-4A54-84B6-3974F0927875}.Release|x64.Build.0 = Release|Any CPU
		{A6CDFA90-5B1C-4A54-84B6-3974F0927875}.Release|x86.ActiveCfg = Release|Any CPU
		{A6CDFA90-5B1C-4A54-84B6-3974F0927875}.Release|x86.Build.0 = Release|Any CPU
	EndGlobalSection
	GlobalSection(NestedProjects) = preSolution
		{3EB22FAE-55D2-48EB-B259-2992B555C553} = {36B13891-84BF-4489-A6BF-18621B0E91C4}
		{A6CDFA90-5B1C-4A54-84B6-3974F0927875} = {EC7754FE-EE27-4FE1-8DEC-E89BBA59E616}
	EndGlobalSection
EndGlobal
